
Microsoft Visual Studio Solution File, Format Version 12.00
# Visual Studio Version 17
VisualStudioVersion = 17.11.35222.181
MinimumVisualStudioVersion = 10.0.40219.1
Project("{9A19103F-16F7-4668-BE54-9A1E7A4F7556}") = "server", "server\server.csproj", "{14F1F7CC-B1DB-4B0E-AB2F-380B7F9C8827}"
EndProject
Project("{E53339B2-1760-4266-BCC7-CA923CBCF16C}") = "docker-compose", "docker-compose.dcproj", "{248843C7-D86C-4E92-B6EF-FB5A1F96A8CE}"
EndProject
Global
	GlobalSection(SolutionConfigurationPlatforms) = preSolution
		Debug|Any CPU = Debug|Any CPU
		Release|Any CPU = Release|Any CPU
	EndGlobalSection
	GlobalSection(ProjectConfigurationPlatforms) = postSolution
		{14F1F7CC-B1DB-4B0E-AB2F-380B7F9C8827}.Debug|Any CPU.ActiveCfg = Debug|Any CPU
		{14F1F7CC-B1DB-4B0E-AB2F-380B7F9C8827}.Debug|Any CPU.Build.0 = Debug|Any CPU
		{14F1F7CC-B1DB-4B0E-AB2F-380B7F9C8827}.Release|Any CPU.ActiveCfg = Release|Any CPU
		{14F1F7CC-B1DB-4B0E-AB2F-380B7F9C8827}.Release|Any CPU.Build.0 = Release|Any CPU
		{248843C7-D86C-4E92-B6EF-FB5A1F96A8CE}.Debug|Any CPU.ActiveCfg = Debug|Any CPU
		{248843C7-D86C-4E92-B6EF-FB5A1F96A8CE}.Debug|Any CPU.Build.0 = Debug|Any CPU
		{248843C7-D86C-4E92-B6EF-FB5A1F96A8CE}.Release|Any CPU.ActiveCfg = Release|Any CPU
		{248843C7-D86C-4E92-B6EF-FB5A1F96A8CE}.Release|Any CPU.Build.0 = Release|Any CPU
	EndGlobalSection
	GlobalSection(SolutionProperties) = preSolution
		HideSolutionNode = FALSE
	EndGlobalSection
	GlobalSection(ExtensibilityGlobals) = postSolution
		SolutionGuid = {7F65D4CA-AD43-4D99-B6EC-CE7E7F979EF6}
	EndGlobalSection
EndGlobal
